// !$*UTF8*$!
{
	archiveVersion = 1;
	classes = {
	};
	objectVersion = 48;
	objects = {

/* Begin PBXBuildFile section */
		A70F3F3C1DAAE301005E5ABA /* Interface.storyboard in Resources */ = {isa = PBXBuildFile; fileRef = A70F3F3A1DAAE301005E5ABA /* Interface.storyboard */; };
		A70F3F3E1DAAE301005E5ABA /* Assets.xcassets in Resources */ = {isa = PBXBuildFile; fileRef = A70F3F3D1DAAE301005E5ABA /* Assets.xcassets */; };
		A70F3F451DAAE301005E5ABA /* CashClock2 WatchKit Extension.appex in Embed App Extensions */ = {isa = PBXBuildFile; fileRef = A70F3F441DAAE301005E5ABA /* CashClock2 WatchKit Extension.appex */; settings = {ATTRIBUTES = (RemoveHeadersOnCopy, ); }; };
		A70F3F4C1DAAE301005E5ABA /* InterfaceController.swift in Sources */ = {isa = PBXBuildFile; fileRef = A70F3F4B1DAAE301005E5ABA /* InterfaceController.swift */; };
		A70F3F4E1DAAE301005E5ABA /* ExtensionDelegate.swift in Sources */ = {isa = PBXBuildFile; fileRef = A70F3F4D1DAAE301005E5ABA /* ExtensionDelegate.swift */; };
		A70F3F501DAAE301005E5ABA /* NotificationController.swift in Sources */ = {isa = PBXBuildFile; fileRef = A70F3F4F1DAAE301005E5ABA /* NotificationController.swift */; };
		A70F3F521DAAE301005E5ABA /* Assets.xcassets in Resources */ = {isa = PBXBuildFile; fileRef = A70F3F511DAAE301005E5ABA /* Assets.xcassets */; };
		A70F3F561DAAE301005E5ABA /* CashClock2 WatchKit.app in Embed Watch Content */ = {isa = PBXBuildFile; fileRef = A70F3F381DAAE301005E5ABA /* CashClock2 WatchKit.app */; };
		A71F23141ACF23550019C6F7 /* ClockCalculatorTests.swift in Sources */ = {isa = PBXBuildFile; fileRef = A71F23131ACF23550019C6F7 /* ClockCalculatorTests.swift */; };
		A71F23151ACF25DC0019C6F7 /* ClockCalculator.swift in Sources */ = {isa = PBXBuildFile; fileRef = A7FDC3031ACAFE9D00F33C19 /* ClockCalculator.swift */; };
		A76774F41ABB71CA00A75265 /* AppDelegate.swift in Sources */ = {isa = PBXBuildFile; fileRef = A76774F31ABB71CA00A75265 /* AppDelegate.swift */; };
		A76774F91ABB71CA00A75265 /* Main.storyboard in Resources */ = {isa = PBXBuildFile; fileRef = A76774F71ABB71CA00A75265 /* Main.storyboard */; };
		A76774FB1ABB71CA00A75265 /* Images.xcassets in Resources */ = {isa = PBXBuildFile; fileRef = A76774FA1ABB71CA00A75265 /* Images.xcassets */; };
		A76774FE1ABB71CA00A75265 /* LaunchScreen.xib in Resources */ = {isa = PBXBuildFile; fileRef = A76774FC1ABB71CA00A75265 /* LaunchScreen.xib */; };
		A78AE3131AC451FE00D4CE06 /* ClockViewController.swift in Sources */ = {isa = PBXBuildFile; fileRef = A78AE3121AC451FE00D4CE06 /* ClockViewController.swift */; };
		A7A030F71AEECDEE002555AB /* iAd.framework in Frameworks */ = {isa = PBXBuildFile; fileRef = A7A030F61AEECDEE002555AB /* iAd.framework */; };
		A7C733F21AFBF1B3005C9DCE /* InfoPlist.strings in Resources */ = {isa = PBXBuildFile; fileRef = A7C733F41AFBF1B3005C9DCE /* InfoPlist.strings */; };
		A7C733F71AFBF1B3005C9DCE /* InfoPlist.strings in Resources */ = {isa = PBXBuildFile; fileRef = A7C733F91AFBF1B3005C9DCE /* InfoPlist.strings */; };
		A7C7340A1AFC02DC005C9DCE /* Localizable.strings in Resources */ = {isa = PBXBuildFile; fileRef = A7C7340C1AFC02DC005C9DCE /* Localizable.strings */; };
		A7D3EE5E1DB01A3A0046B6B9 /* ClockCalculator.swift in Sources */ = {isa = PBXBuildFile; fileRef = A7FDC3031ACAFE9D00F33C19 /* ClockCalculator.swift */; };
		A7FDC3041ACAFE9D00F33C19 /* ClockCalculator.swift in Sources */ = {isa = PBXBuildFile; fileRef = A7FDC3031ACAFE9D00F33C19 /* ClockCalculator.swift */; };
/* End PBXBuildFile section */

/* Begin PBXContainerItemProxy section */
		A70F3F461DAAE301005E5ABA /* PBXContainerItemProxy */ = {
			isa = PBXContainerItemProxy;
			containerPortal = A76774E61ABB71CA00A75265 /* Project object */;
			proxyType = 1;
			remoteGlobalIDString = A70F3F431DAAE301005E5ABA;
			remoteInfo = "CashClock2 WatchKit Extension";
		};
		A70F3F541DAAE301005E5ABA /* PBXContainerItemProxy */ = {
			isa = PBXContainerItemProxy;
			containerPortal = A76774E61ABB71CA00A75265 /* Project object */;
			proxyType = 1;
			remoteGlobalIDString = A70F3F371DAAE301005E5ABA;
			remoteInfo = "CashClock2 WatchKit";
		};
		A76775041ABB71CB00A75265 /* PBXContainerItemProxy */ = {
			isa = PBXContainerItemProxy;
			containerPortal = A76774E61ABB71CA00A75265 /* Project object */;
			proxyType = 1;
			remoteGlobalIDString = A76774ED1ABB71CA00A75265;
			remoteInfo = CashClock2;
		};
/* End PBXContainerItemProxy section */

/* Begin PBXCopyFilesBuildPhase section */
		A70F3F0D1DAADDCB005E5ABA /* Embed Watch Content */ = {
			isa = PBXCopyFilesBuildPhase;
			buildActionMask = 2147483647;
			dstPath = "$(CONTENTS_FOLDER_PATH)/Watch";
			dstSubfolderSpec = 16;
			files = (
				A70F3F561DAAE301005E5ABA /* CashClock2 WatchKit.app in Embed Watch Content */,
			);
			name = "Embed Watch Content";
			runOnlyForDeploymentPostprocessing = 0;
		};
		A70F3F5A1DAAE301005E5ABA /* Embed App Extensions */ = {
			isa = PBXCopyFilesBuildPhase;
			buildActionMask = 2147483647;
			dstPath = "";
			dstSubfolderSpec = 13;
			files = (
				A70F3F451DAAE301005E5ABA /* CashClock2 WatchKit Extension.appex in Embed App Extensions */,
			);
			name = "Embed App Extensions";
			runOnlyForDeploymentPostprocessing = 0;
		};
		A7595AD51AF95FD7000E53D3 /* Embed App Extensions */ = {
			isa = PBXCopyFilesBuildPhase;
			buildActionMask = 2147483647;
			dstPath = "";
			dstSubfolderSpec = 13;
			files = (
			);
			name = "Embed App Extensions";
			runOnlyForDeploymentPostprocessing = 0;
		};
/* End PBXCopyFilesBuildPhase section */

/* Begin PBXFileReference section */
		A70F3F381DAAE301005E5ABA /* CashClock2 WatchKit.app */ = {isa = PBXFileReference; explicitFileType = wrapper.application; includeInIndex = 0; path = "CashClock2 WatchKit.app"; sourceTree = BUILT_PRODUCTS_DIR; };
		A70F3F3B1DAAE301005E5ABA /* Base */ = {isa = PBXFileReference; lastKnownFileType = file.storyboard; name = Base; path = Base.lproj/Interface.storyboard; sourceTree = "<group>"; };
		A70F3F3D1DAAE301005E5ABA /* Assets.xcassets */ = {isa = PBXFileReference; lastKnownFileType = folder.assetcatalog; path = Assets.xcassets; sourceTree = "<group>"; };
		A70F3F3F1DAAE301005E5ABA /* Info.plist */ = {isa = PBXFileReference; lastKnownFileType = text.plist.xml; path = Info.plist; sourceTree = "<group>"; };
		A70F3F441DAAE301005E5ABA /* CashClock2 WatchKit Extension.appex */ = {isa = PBXFileReference; explicitFileType = "wrapper.app-extension"; includeInIndex = 0; path = "CashClock2 WatchKit Extension.appex"; sourceTree = BUILT_PRODUCTS_DIR; };
		A70F3F4A1DAAE301005E5ABA /* PushNotificationPayload.apns */ = {isa = PBXFileReference; lastKnownFileType = text; path = PushNotificationPayload.apns; sourceTree = "<group>"; };
		A70F3F4B1DAAE301005E5ABA /* InterfaceController.swift */ = {isa = PBXFileReference; lastKnownFileType = sourcecode.swift; path = InterfaceController.swift; sourceTree = "<group>"; };
		A70F3F4D1DAAE301005E5ABA /* ExtensionDelegate.swift */ = {isa = PBXFileReference; lastKnownFileType = sourcecode.swift; path = ExtensionDelegate.swift; sourceTree = "<group>"; };
		A70F3F4F1DAAE301005E5ABA /* NotificationController.swift */ = {isa = PBXFileReference; lastKnownFileType = sourcecode.swift; path = NotificationController.swift; sourceTree = "<group>"; };
		A70F3F511DAAE301005E5ABA /* Assets.xcassets */ = {isa = PBXFileReference; lastKnownFileType = folder.assetcatalog; path = Assets.xcassets; sourceTree = "<group>"; };
		A70F3F531DAAE301005E5ABA /* Info.plist */ = {isa = PBXFileReference; lastKnownFileType = text.plist.xml; path = Info.plist; sourceTree = "<group>"; };
		A71F23131ACF23550019C6F7 /* ClockCalculatorTests.swift */ = {isa = PBXFileReference; fileEncoding = 4; lastKnownFileType = sourcecode.swift; path = ClockCalculatorTests.swift; sourceTree = "<group>"; };
		A7625D071B7FB8F400B746D8 /* WatchKit.framework */ = {isa = PBXFileReference; lastKnownFileType = wrapper.framework; name = WatchKit.framework; path = System/Library/Frameworks/WatchKit.framework; sourceTree = SDKROOT; };
		A76774EE1ABB71CA00A75265 /* CashClock.app */ = {isa = PBXFileReference; explicitFileType = wrapper.application; includeInIndex = 0; path = CashClock.app; sourceTree = BUILT_PRODUCTS_DIR; };
		A76774F21ABB71CA00A75265 /* Info.plist */ = {isa = PBXFileReference; lastKnownFileType = text.plist.xml; path = Info.plist; sourceTree = "<group>"; };
		A76774F31ABB71CA00A75265 /* AppDelegate.swift */ = {isa = PBXFileReference; lastKnownFileType = sourcecode.swift; path = AppDelegate.swift; sourceTree = "<group>"; };
		A76774F81ABB71CA00A75265 /* Base */ = {isa = PBXFileReference; lastKnownFileType = file.storyboard; name = Base; path = Base.lproj/Main.storyboard; sourceTree = "<group>"; };
		A76774FA1ABB71CA00A75265 /* Images.xcassets */ = {isa = PBXFileReference; lastKnownFileType = folder.assetcatalog; path = Images.xcassets; sourceTree = "<group>"; };
		A76774FD1ABB71CA00A75265 /* Base */ = {isa = PBXFileReference; lastKnownFileType = file.xib; name = Base; path = Base.lproj/LaunchScreen.xib; sourceTree = "<group>"; };
		A76775031ABB71CB00A75265 /* CashClock.xctest */ = {isa = PBXFileReference; explicitFileType = wrapper.cfbundle; includeInIndex = 0; path = CashClock.xctest; sourceTree = BUILT_PRODUCTS_DIR; };
		A76775081ABB71CB00A75265 /* Info.plist */ = {isa = PBXFileReference; lastKnownFileType = text.plist.xml; path = Info.plist; sourceTree = "<group>"; };
		A78AE3121AC451FE00D4CE06 /* ClockViewController.swift */ = {isa = PBXFileReference; fileEncoding = 4; lastKnownFileType = sourcecode.swift; path = ClockViewController.swift; sourceTree = "<group>"; };
		A7A030F61AEECDEE002555AB /* iAd.framework */ = {isa = PBXFileReference; lastKnownFileType = wrapper.framework; name = iAd.framework; path = System/Library/Frameworks/iAd.framework; sourceTree = SDKROOT; };
		A7C733EE1AFBEE6E005C9DCE /* de */ = {isa = PBXFileReference; lastKnownFileType = text.plist.strings; name = de; path = de.lproj/Main.strings; sourceTree = "<group>"; };
		A7C733EF1AFBEE6E005C9DCE /* de */ = {isa = PBXFileReference; lastKnownFileType = text.plist.strings; name = de; path = de.lproj/LaunchScreen.strings; sourceTree = "<group>"; };
		A7C733F31AFBF1B3005C9DCE /* de */ = {isa = PBXFileReference; lastKnownFileType = text.plist.strings; name = de; path = de.lproj/InfoPlist.strings; sourceTree = "<group>"; };
		A7C733F81AFBF1B3005C9DCE /* de */ = {isa = PBXFileReference; lastKnownFileType = text.plist.strings; name = de; path = de.lproj/InfoPlist.strings; sourceTree = "<group>"; };
		A7C7340B1AFC02DC005C9DCE /* en */ = {isa = PBXFileReference; lastKnownFileType = text.plist.strings; name = en; path = en.lproj/Localizable.strings; sourceTree = "<group>"; };
		A7C7340D1AFC02E2005C9DCE /* de */ = {isa = PBXFileReference; lastKnownFileType = text.plist.strings; name = de; path = de.lproj/Localizable.strings; sourceTree = "<group>"; };
		A7FDC3031ACAFE9D00F33C19 /* ClockCalculator.swift */ = {isa = PBXFileReference; fileEncoding = 4; lastKnownFileType = sourcecode.swift; path = ClockCalculator.swift; sourceTree = "<group>"; };
/* End PBXFileReference section */

/* Begin PBXFrameworksBuildPhase section */
		A70F3F411DAAE301005E5ABA /* Frameworks */ = {
			isa = PBXFrameworksBuildPhase;
			buildActionMask = 2147483647;
			files = (
			);
			runOnlyForDeploymentPostprocessing = 0;
		};
		A76774EB1ABB71CA00A75265 /* Frameworks */ = {
			isa = PBXFrameworksBuildPhase;
			buildActionMask = 2147483647;
			files = (
				A7A030F71AEECDEE002555AB /* iAd.framework in Frameworks */,
			);
			runOnlyForDeploymentPostprocessing = 0;
		};
		A76775001ABB71CB00A75265 /* Frameworks */ = {
			isa = PBXFrameworksBuildPhase;
			buildActionMask = 2147483647;
			files = (
			);
			runOnlyForDeploymentPostprocessing = 0;
		};
/* End PBXFrameworksBuildPhase section */

/* Begin PBXGroup section */
		A70F3F391DAAE301005E5ABA /* CashClock2 WatchKit */ = {
			isa = PBXGroup;
			children = (
				A70F3F3A1DAAE301005E5ABA /* Interface.storyboard */,
				A70F3F3D1DAAE301005E5ABA /* Assets.xcassets */,
				A70F3F3F1DAAE301005E5ABA /* Info.plist */,
			);
			path = "CashClock2 WatchKit";
			sourceTree = "<group>";
		};
		A70F3F481DAAE301005E5ABA /* CashClock2 WatchKit Extension */ = {
			isa = PBXGroup;
			children = (
				A70F3F4B1DAAE301005E5ABA /* InterfaceController.swift */,
				A70F3F4D1DAAE301005E5ABA /* ExtensionDelegate.swift */,
				A70F3F4F1DAAE301005E5ABA /* NotificationController.swift */,
				A70F3F511DAAE301005E5ABA /* Assets.xcassets */,
				A70F3F531DAAE301005E5ABA /* Info.plist */,
				A70F3F491DAAE301005E5ABA /* Supporting Files */,
			);
			path = "CashClock2 WatchKit Extension";
			sourceTree = "<group>";
		};
		A70F3F491DAAE301005E5ABA /* Supporting Files */ = {
			isa = PBXGroup;
			children = (
				A70F3F4A1DAAE301005E5ABA /* PushNotificationPayload.apns */,
			);
			name = "Supporting Files";
			sourceTree = "<group>";
		};
		A76774E51ABB71CA00A75265 = {
			isa = PBXGroup;
			children = (
				A7625D071B7FB8F400B746D8 /* WatchKit.framework */,
				A7C7340C1AFC02DC005C9DCE /* Localizable.strings */,
				A7A030F61AEECDEE002555AB /* iAd.framework */,
				A76774F01ABB71CA00A75265 /* CashClock2 */,
				A76775061ABB71CB00A75265 /* CashClock2Tests */,
				A70F3F391DAAE301005E5ABA /* CashClock2 WatchKit */,
				A70F3F481DAAE301005E5ABA /* CashClock2 WatchKit Extension */,
				A76774EF1ABB71CA00A75265 /* Products */,
			);
			sourceTree = "<group>";
		};
		A76774EF1ABB71CA00A75265 /* Products */ = {
			isa = PBXGroup;
			children = (
				A76774EE1ABB71CA00A75265 /* CashClock.app */,
				A76775031ABB71CB00A75265 /* CashClock.xctest */,
				A70F3F381DAAE301005E5ABA /* CashClock2 WatchKit.app */,
				A70F3F441DAAE301005E5ABA /* CashClock2 WatchKit Extension.appex */,
			);
			name = Products;
			sourceTree = "<group>";
		};
		A76774F01ABB71CA00A75265 /* CashClock2 */ = {
			isa = PBXGroup;
			children = (
				A7FDC3031ACAFE9D00F33C19 /* ClockCalculator.swift */,
				A76774F31ABB71CA00A75265 /* AppDelegate.swift */,
				A76774F71ABB71CA00A75265 /* Main.storyboard */,
				A76774FA1ABB71CA00A75265 /* Images.xcassets */,
				A76774FC1ABB71CA00A75265 /* LaunchScreen.xib */,
				A76774F11ABB71CA00A75265 /* Supporting Files */,
				A78AE3121AC451FE00D4CE06 /* ClockViewController.swift */,
			);
			path = CashClock2;
			sourceTree = "<group>";
		};
		A76774F11ABB71CA00A75265 /* Supporting Files */ = {
			isa = PBXGroup;
			children = (
				A7C733F91AFBF1B3005C9DCE /* InfoPlist.strings */,
				A76774F21ABB71CA00A75265 /* Info.plist */,
			);
			name = "Supporting Files";
			sourceTree = "<group>";
		};
		A76775061ABB71CB00A75265 /* CashClock2Tests */ = {
			isa = PBXGroup;
			children = (
				A71F23131ACF23550019C6F7 /* ClockCalculatorTests.swift */,
				A76775071ABB71CB00A75265 /* Supporting Files */,
			);
			path = CashClock2Tests;
			sourceTree = "<group>";
		};
		A76775071ABB71CB00A75265 /* Supporting Files */ = {
			isa = PBXGroup;
			children = (
				A7C733F41AFBF1B3005C9DCE /* InfoPlist.strings */,
				A76775081ABB71CB00A75265 /* Info.plist */,
			);
			name = "Supporting Files";
			sourceTree = "<group>";
		};
/* End PBXGroup section */

/* Begin PBXNativeTarget section */
		A70F3F371DAAE301005E5ABA /* CashClock2 WatchKit */ = {
			isa = PBXNativeTarget;
			buildConfigurationList = A70F3F5B1DAAE301005E5ABA /* Build configuration list for PBXNativeTarget "CashClock2 WatchKit" */;
			buildPhases = (
				A70F3F361DAAE301005E5ABA /* Resources */,
				A70F3F5A1DAAE301005E5ABA /* Embed App Extensions */,
			);
			buildRules = (
			);
			dependencies = (
				A70F3F471DAAE301005E5ABA /* PBXTargetDependency */,
			);
			name = "CashClock2 WatchKit";
			productName = "CashClock2 WatchKit";
			productReference = A70F3F381DAAE301005E5ABA /* CashClock2 WatchKit.app */;
			productType = "com.apple.product-type.application.watchapp2";
		};
		A70F3F431DAAE301005E5ABA /* CashClock2 WatchKit Extension */ = {
			isa = PBXNativeTarget;
			buildConfigurationList = A70F3F571DAAE301005E5ABA /* Build configuration list for PBXNativeTarget "CashClock2 WatchKit Extension" */;
			buildPhases = (
				A70F3F401DAAE301005E5ABA /* Sources */,
				A70F3F411DAAE301005E5ABA /* Frameworks */,
				A70F3F421DAAE301005E5ABA /* Resources */,
			);
			buildRules = (
			);
			dependencies = (
			);
			name = "CashClock2 WatchKit Extension";
			productName = "CashClock2 WatchKit Extension";
			productReference = A70F3F441DAAE301005E5ABA /* CashClock2 WatchKit Extension.appex */;
			productType = "com.apple.product-type.watchkit2-extension";
		};
		A76774ED1ABB71CA00A75265 /* CashClock */ = {
			isa = PBXNativeTarget;
			buildConfigurationList = A767750D1ABB71CB00A75265 /* Build configuration list for PBXNativeTarget "CashClock" */;
			buildPhases = (
				A76774EA1ABB71CA00A75265 /* Sources */,
				A76774EB1ABB71CA00A75265 /* Frameworks */,
				A76774EC1ABB71CA00A75265 /* Resources */,
				A7595AD51AF95FD7000E53D3 /* Embed App Extensions */,
				A70F3F0D1DAADDCB005E5ABA /* Embed Watch Content */,
			);
			buildRules = (
			);
			dependencies = (
				A70F3F551DAAE301005E5ABA /* PBXTargetDependency */,
			);
			name = CashClock;
			productName = CashClock2;
			productReference = A76774EE1ABB71CA00A75265 /* CashClock.app */;
			productType = "com.apple.product-type.application";
		};
		A76775021ABB71CB00A75265 /* CashClockTests */ = {
			isa = PBXNativeTarget;
			buildConfigurationList = A76775101ABB71CB00A75265 /* Build configuration list for PBXNativeTarget "CashClockTests" */;
			buildPhases = (
				A76774FF1ABB71CB00A75265 /* Sources */,
				A76775001ABB71CB00A75265 /* Frameworks */,
				A76775011ABB71CB00A75265 /* Resources */,
			);
			buildRules = (
			);
			dependencies = (
				A76775051ABB71CB00A75265 /* PBXTargetDependency */,
			);
			name = CashClockTests;
			productName = CashClock2Tests;
			productReference = A76775031ABB71CB00A75265 /* CashClock.xctest */;
			productType = "com.apple.product-type.bundle.unit-test";
		};
/* End PBXNativeTarget section */

/* Begin PBXProject section */
		A76774E61ABB71CA00A75265 /* Project object */ = {
			isa = PBXProject;
			attributes = {
				LastSwiftMigration = 0700;
				LastSwiftUpdateCheck = 0800;
				LastUpgradeCheck = 0800;
				ORGANIZATIONNAME = "Oliver Boehm";
				TargetAttributes = {
					A70F3F371DAAE301005E5ABA = {
						CreatedOnToolsVersion = 8.0;
						ProvisioningStyle = Automatic;
					};
					A70F3F431DAAE301005E5ABA = {
						CreatedOnToolsVersion = 8.0;
						DevelopmentTeam = Z6826QH5UD;
						ProvisioningStyle = Automatic;
					};
					A76774ED1ABB71CA00A75265 = {
						CreatedOnToolsVersion = 6.2;
						DevelopmentTeam = Z6826QH5UD;
						LastSwiftMigration = 0800;
					};
					A76775021ABB71CB00A75265 = {
						CreatedOnToolsVersion = 6.2;
						LastSwiftMigration = 0800;
						TestTargetID = A76774ED1ABB71CA00A75265;
					};
				};
			};
			buildConfigurationList = A76774E91ABB71CA00A75265 /* Build configuration list for PBXProject "CashClock" */;
			compatibilityVersion = "Xcode 8.0";
			developmentRegion = English;
			hasScannedForEncodings = 0;
			knownRegions = (
				en,
				Base,
				de,
			);
			mainGroup = A76774E51ABB71CA00A75265;
			productRefGroup = A76774EF1ABB71CA00A75265 /* Products */;
			projectDirPath = "";
			projectRoot = "";
			targets = (
				A76774ED1ABB71CA00A75265 /* CashClock */,
				A76775021ABB71CB00A75265 /* CashClockTests */,
				A70F3F371DAAE301005E5ABA /* CashClock2 WatchKit */,
				A70F3F431DAAE301005E5ABA /* CashClock2 WatchKit Extension */,
			);
		};
/* End PBXProject section */

/* Begin PBXResourcesBuildPhase section */
		A70F3F361DAAE301005E5ABA /* Resources */ = {
			isa = PBXResourcesBuildPhase;
			buildActionMask = 2147483647;
			files = (
				A70F3F3E1DAAE301005E5ABA /* Assets.xcassets in Resources */,
				A70F3F3C1DAAE301005E5ABA /* Interface.storyboard in Resources */,
			);
			runOnlyForDeploymentPostprocessing = 0;
		};
		A70F3F421DAAE301005E5ABA /* Resources */ = {
			isa = PBXResourcesBuildPhase;
			buildActionMask = 2147483647;
			files = (
				A70F3F521DAAE301005E5ABA /* Assets.xcassets in Resources */,
			);
			runOnlyForDeploymentPostprocessing = 0;
		};
		A76774EC1ABB71CA00A75265 /* Resources */ = {
			isa = PBXResourcesBuildPhase;
			buildActionMask = 2147483647;
			files = (
				A7C7340A1AFC02DC005C9DCE /* Localizable.strings in Resources */,
				A76774F91ABB71CA00A75265 /* Main.storyboard in Resources */,
				A7C733F71AFBF1B3005C9DCE /* InfoPlist.strings in Resources */,
				A76774FE1ABB71CA00A75265 /* LaunchScreen.xib in Resources */,
				A76774FB1ABB71CA00A75265 /* Images.xcassets in Resources */,
			);
			runOnlyForDeploymentPostprocessing = 0;
		};
		A76775011ABB71CB00A75265 /* Resources */ = {
			isa = PBXResourcesBuildPhase;
			buildActionMask = 2147483647;
			files = (
				A7C733F21AFBF1B3005C9DCE /* InfoPlist.strings in Resources */,
			);
			runOnlyForDeploymentPostprocessing = 0;
		};
/* End PBXResourcesBuildPhase section */

/* Begin PBXSourcesBuildPhase section */
		A70F3F401DAAE301005E5ABA /* Sources */ = {
			isa = PBXSourcesBuildPhase;
			buildActionMask = 2147483647;
			files = (
				A70F3F501DAAE301005E5ABA /* NotificationController.swift in Sources */,
				A70F3F4E1DAAE301005E5ABA /* ExtensionDelegate.swift in Sources */,
				A7D3EE5E1DB01A3A0046B6B9 /* ClockCalculator.swift in Sources */,
				A70F3F4C1DAAE301005E5ABA /* InterfaceController.swift in Sources */,
			);
			runOnlyForDeploymentPostprocessing = 0;
		};
		A76774EA1ABB71CA00A75265 /* Sources */ = {
			isa = PBXSourcesBuildPhase;
			buildActionMask = 2147483647;
			files = (
				A78AE3131AC451FE00D4CE06 /* ClockViewController.swift in Sources */,
				A7FDC3041ACAFE9D00F33C19 /* ClockCalculator.swift in Sources */,
				A76774F41ABB71CA00A75265 /* AppDelegate.swift in Sources */,
			);
			runOnlyForDeploymentPostprocessing = 0;
		};
		A76774FF1ABB71CB00A75265 /* Sources */ = {
			isa = PBXSourcesBuildPhase;
			buildActionMask = 2147483647;
			files = (
				A71F23151ACF25DC0019C6F7 /* ClockCalculator.swift in Sources */,
				A71F23141ACF23550019C6F7 /* ClockCalculatorTests.swift in Sources */,
			);
			runOnlyForDeploymentPostprocessing = 0;
		};
/* End PBXSourcesBuildPhase section */

/* Begin PBXTargetDependency section */
		A70F3F471DAAE301005E5ABA /* PBXTargetDependency */ = {
			isa = PBXTargetDependency;
			target = A70F3F431DAAE301005E5ABA /* CashClock2 WatchKit Extension */;
			targetProxy = A70F3F461DAAE301005E5ABA /* PBXContainerItemProxy */;
		};
		A70F3F551DAAE301005E5ABA /* PBXTargetDependency */ = {
			isa = PBXTargetDependency;
			target = A70F3F371DAAE301005E5ABA /* CashClock2 WatchKit */;
			targetProxy = A70F3F541DAAE301005E5ABA /* PBXContainerItemProxy */;
		};
		A76775051ABB71CB00A75265 /* PBXTargetDependency */ = {
			isa = PBXTargetDependency;
			target = A76774ED1ABB71CA00A75265 /* CashClock */;
			targetProxy = A76775041ABB71CB00A75265 /* PBXContainerItemProxy */;
		};
/* End PBXTargetDependency section */

/* Begin PBXVariantGroup section */
		A70F3F3A1DAAE301005E5ABA /* Interface.storyboard */ = {
			isa = PBXVariantGroup;
			children = (
				A70F3F3B1DAAE301005E5ABA /* Base */,
			);
			name = Interface.storyboard;
			sourceTree = "<group>";
		};
		A76774F71ABB71CA00A75265 /* Main.storyboard */ = {
			isa = PBXVariantGroup;
			children = (
				A76774F81ABB71CA00A75265 /* Base */,
				A7C733EE1AFBEE6E005C9DCE /* de */,
			);
			name = Main.storyboard;
			sourceTree = "<group>";
		};
		A76774FC1ABB71CA00A75265 /* LaunchScreen.xib */ = {
			isa = PBXVariantGroup;
			children = (
				A76774FD1ABB71CA00A75265 /* Base */,
				A7C733EF1AFBEE6E005C9DCE /* de */,
			);
			name = LaunchScreen.xib;
			sourceTree = "<group>";
		};
		A7C733F41AFBF1B3005C9DCE /* InfoPlist.strings */ = {
			isa = PBXVariantGroup;
			children = (
				A7C733F31AFBF1B3005C9DCE /* de */,
			);
			name = InfoPlist.strings;
			sourceTree = "<group>";
		};
		A7C733F91AFBF1B3005C9DCE /* InfoPlist.strings */ = {
			isa = PBXVariantGroup;
			children = (
				A7C733F81AFBF1B3005C9DCE /* de */,
			);
			name = InfoPlist.strings;
			sourceTree = "<group>";
		};
		A7C7340C1AFC02DC005C9DCE /* Localizable.strings */ = {
			isa = PBXVariantGroup;
			children = (
				A7C7340B1AFC02DC005C9DCE /* en */,
				A7C7340D1AFC02E2005C9DCE /* de */,
			);
			name = Localizable.strings;
			sourceTree = "<group>";
		};
/* End PBXVariantGroup section */

/* Begin XCBuildConfiguration section */
		A70F3F581DAAE301005E5ABA /* Debug */ = {
			isa = XCBuildConfiguration;
			buildSettings = {
				ASSETCATALOG_COMPILER_COMPLICATION_NAME = Complication;
				CLANG_ANALYZER_NONNULL = YES;
				CLANG_WARN_DOCUMENTATION_COMMENTS = YES;
				CLANG_WARN_SUSPICIOUS_MOVES = YES;
				DEBUG_INFORMATION_FORMAT = dwarf;
				DEVELOPMENT_TEAM = Z6826QH5UD;
				INFOPLIST_FILE = "CashClock2 WatchKit Extension/Info.plist";
				LD_RUNPATH_SEARCH_PATHS = "$(inherited) @executable_path/Frameworks @executable_path/../../Frameworks";
				PRODUCT_BUNDLE_IDENTIFIER = de.cashclock.CashClock.watchkitapp.watchkitextension;
				PRODUCT_NAME = "${TARGET_NAME}";
				SDKROOT = watchos;
				SKIP_INSTALL = YES;
				SWIFT_ACTIVE_COMPILATION_CONDITIONS = DEBUG;
				SWIFT_VERSION = 3.0;
				TARGETED_DEVICE_FAMILY = 4;
				WATCHOS_DEPLOYMENT_TARGET = 3.0;
			};
			name = Debug;
		};
		A70F3F591DAAE301005E5ABA /* Release */ = {
			isa = XCBuildConfiguration;
			buildSettings = {
				ASSETCATALOG_COMPILER_COMPLICATION_NAME = Complication;
				CLANG_ANALYZER_NONNULL = YES;
				CLANG_WARN_DOCUMENTATION_COMMENTS = YES;
				CLANG_WARN_SUSPICIOUS_MOVES = YES;
				DEBUG_INFORMATION_FORMAT = "dwarf-with-dsym";
				DEVELOPMENT_TEAM = Z6826QH5UD;
				INFOPLIST_FILE = "CashClock2 WatchKit Extension/Info.plist";
				LD_RUNPATH_SEARCH_PATHS = "$(inherited) @executable_path/Frameworks @executable_path/../../Frameworks";
				PRODUCT_BUNDLE_IDENTIFIER = de.cashclock.CashClock.watchkitapp.watchkitextension;
				PRODUCT_NAME = "${TARGET_NAME}";
				SDKROOT = watchos;
				SKIP_INSTALL = YES;
				SWIFT_VERSION = 3.0;
				TARGETED_DEVICE_FAMILY = 4;
				WATCHOS_DEPLOYMENT_TARGET = 3.0;
			};
			name = Release;
		};
		A70F3F5C1DAAE301005E5ABA /* Debug */ = {
			isa = XCBuildConfiguration;
			buildSettings = {
				ALWAYS_EMBED_SWIFT_STANDARD_LIBRARIES = YES;
				ASSETCATALOG_COMPILER_APPICON_NAME = AppIcon;
				CLANG_ANALYZER_NONNULL = YES;
				CLANG_WARN_DOCUMENTATION_COMMENTS = YES;
				CLANG_WARN_SUSPICIOUS_MOVES = YES;
				CODE_SIGN_IDENTITY = "iPhone Developer";
				DEBUG_INFORMATION_FORMAT = dwarf;
				IBSC_MODULE = CashClock2_WatchKit_Extension;
				INFOPLIST_FILE = "CashClock2 WatchKit/Info.plist";
				PRODUCT_BUNDLE_IDENTIFIER = de.cashclock.CashClock.watchkitapp;
				PRODUCT_NAME = "$(TARGET_NAME)";
				SDKROOT = watchos;
				SKIP_INSTALL = YES;
				SWIFT_ACTIVE_COMPILATION_CONDITIONS = DEBUG;
				SWIFT_VERSION = 3.0;
				TARGETED_DEVICE_FAMILY = 4;
				WATCHOS_DEPLOYMENT_TARGET = 3.0;
			};
			name = Debug;
		};
		A70F3F5D1DAAE301005E5ABA /* Release */ = {
			isa = XCBuildConfiguration;
			buildSettings = {
				ALWAYS_EMBED_SWIFT_STANDARD_LIBRARIES = YES;
				ASSETCATALOG_COMPILER_APPICON_NAME = AppIcon;
				CLANG_ANALYZER_NONNULL = YES;
				CLANG_WARN_DOCUMENTATION_COMMENTS = YES;
				CLANG_WARN_SUSPICIOUS_MOVES = YES;
				CODE_SIGN_IDENTITY = "iPhone Developer";
				DEBUG_INFORMATION_FORMAT = "dwarf-with-dsym";
				IBSC_MODULE = CashClock2_WatchKit_Extension;
				INFOPLIST_FILE = "CashClock2 WatchKit/Info.plist";
				PRODUCT_BUNDLE_IDENTIFIER = de.cashclock.CashClock.watchkitapp;
				PRODUCT_NAME = "$(TARGET_NAME)";
				SDKROOT = watchos;
				SKIP_INSTALL = YES;
				SWIFT_VERSION = 3.0;
				TARGETED_DEVICE_FAMILY = 4;
				WATCHOS_DEPLOYMENT_TARGET = 3.0;
			};
			name = Release;
		};
		A767750B1ABB71CB00A75265 /* Debug */ = {
			isa = XCBuildConfiguration;
			buildSettings = {
				ALWAYS_SEARCH_USER_PATHS = NO;
				CLANG_ANALYZER_LOCALIZABILITY_NONLOCALIZED = YES;
				CLANG_CXX_LANGUAGE_STANDARD = "gnu++0x";
				CLANG_CXX_LIBRARY = "libc++";
				CLANG_ENABLE_MODULES = YES;
				CLANG_ENABLE_OBJC_ARC = YES;
				CLANG_WARN_BOOL_CONVERSION = YES;
				CLANG_WARN_CONSTANT_CONVERSION = YES;
				CLANG_WARN_DIRECT_OBJC_ISA_USAGE = YES_ERROR;
				CLANG_WARN_EMPTY_BODY = YES;
				CLANG_WARN_ENUM_CONVERSION = YES;
				CLANG_WARN_INFINITE_RECURSION = YES;
				CLANG_WARN_INT_CONVERSION = YES;
				CLANG_WARN_OBJC_ROOT_CLASS = YES_ERROR;
				CLANG_WARN_SUSPICIOUS_MOVE = YES;
				CLANG_WARN_UNREACHABLE_CODE = YES;
				CLANG_WARN__DUPLICATE_METHOD_MATCH = YES;
				"CODE_SIGN_IDENTITY[sdk=iphoneos*]" = "iPhone Developer";
				COPY_PHASE_STRIP = NO;
				ENABLE_STRICT_OBJC_MSGSEND = YES;
				ENABLE_TESTABILITY = YES;
				GCC_C_LANGUAGE_STANDARD = gnu99;
				GCC_DYNAMIC_NO_PIC = NO;
				GCC_NO_COMMON_BLOCKS = YES;
				GCC_OPTIMIZATION_LEVEL = 0;
				GCC_PREPROCESSOR_DEFINITIONS = (
					"DEBUG=1",
					"$(inherited)",
				);
				GCC_SYMBOLS_PRIVATE_EXTERN = NO;
				GCC_WARN_64_TO_32_BIT_CONVERSION = YES;
				GCC_WARN_ABOUT_RETURN_TYPE = YES_ERROR;
				GCC_WARN_UNDECLARED_SELECTOR = YES;
				GCC_WARN_UNINITIALIZED_AUTOS = YES_AGGRESSIVE;
				GCC_WARN_UNUSED_FUNCTION = YES;
				GCC_WARN_UNUSED_VARIABLE = YES;
				IPHONEOS_DEPLOYMENT_TARGET = 9.0;
				MTL_ENABLE_DEBUG_INFO = YES;
				ONLY_ACTIVE_ARCH = YES;
				SDKROOT = iphoneos;
				SWIFT_OPTIMIZATION_LEVEL = "-Onone";
				TARGETED_DEVICE_FAMILY = "1,2";
			};
			name = Debug;
		};
		A767750C1ABB71CB00A75265 /* Release */ = {
			isa = XCBuildConfiguration;
			buildSettings = {
				ALWAYS_SEARCH_USER_PATHS = NO;
				CLANG_ANALYZER_LOCALIZABILITY_NONLOCALIZED = YES;
				CLANG_CXX_LANGUAGE_STANDARD = "gnu++0x";
				CLANG_CXX_LIBRARY = "libc++";
				CLANG_ENABLE_MODULES = YES;
				CLANG_ENABLE_OBJC_ARC = YES;
				CLANG_WARN_BOOL_CONVERSION = YES;
				CLANG_WARN_CONSTANT_CONVERSION = YES;
				CLANG_WARN_DIRECT_OBJC_ISA_USAGE = YES_ERROR;
				CLANG_WARN_EMPTY_BODY = YES;
				CLANG_WARN_ENUM_CONVERSION = YES;
				CLANG_WARN_INFINITE_RECURSION = YES;
				CLANG_WARN_INT_CONVERSION = YES;
				CLANG_WARN_OBJC_ROOT_CLASS = YES_ERROR;
				CLANG_WARN_SUSPICIOUS_MOVE = YES;
				CLANG_WARN_UNREACHABLE_CODE = YES;
				CLANG_WARN__DUPLICATE_METHOD_MATCH = YES;
				"CODE_SIGN_IDENTITY[sdk=iphoneos*]" = "iPhone Developer";
				COPY_PHASE_STRIP = NO;
				ENABLE_NS_ASSERTIONS = NO;
				ENABLE_STRICT_OBJC_MSGSEND = YES;
				GCC_C_LANGUAGE_STANDARD = gnu99;
				GCC_NO_COMMON_BLOCKS = YES;
				GCC_WARN_64_TO_32_BIT_CONVERSION = YES;
				GCC_WARN_ABOUT_RETURN_TYPE = YES_ERROR;
				GCC_WARN_UNDECLARED_SELECTOR = YES;
				GCC_WARN_UNINITIALIZED_AUTOS = YES_AGGRESSIVE;
				GCC_WARN_UNUSED_FUNCTION = YES;
				GCC_WARN_UNUSED_VARIABLE = YES;
				IPHONEOS_DEPLOYMENT_TARGET = 9.0;
				MTL_ENABLE_DEBUG_INFO = NO;
				SDKROOT = iphoneos;
				SWIFT_OPTIMIZATION_LEVEL = "-Owholemodule";
				TARGETED_DEVICE_FAMILY = "1,2";
				VALIDATE_PRODUCT = YES;
			};
			name = Release;
		};
		A767750E1ABB71CB00A75265 /* Debug */ = {
			isa = XCBuildConfiguration;
			buildSettings = {
				ASSETCATALOG_COMPILER_APPICON_NAME = AppIcon;
				ASSETCATALOG_COMPILER_LAUNCHIMAGE_NAME = LaunchImage;
				CODE_SIGN_IDENTITY = "iPhone Developer";
				INFOPLIST_FILE = CashClock2/Info.plist;
				LD_RUNPATH_SEARCH_PATHS = "$(inherited) @executable_path/Frameworks";
				PRODUCT_BUNDLE_IDENTIFIER = de.cashclock.CashClock;
				PRODUCT_NAME = CashClock;
				SWIFT_VERSION = 3.0;
			};
			name = Debug;
		};
		A767750F1ABB71CB00A75265 /* Release */ = {
			isa = XCBuildConfiguration;
			buildSettings = {
				ASSETCATALOG_COMPILER_APPICON_NAME = AppIcon;
				ASSETCATALOG_COMPILER_LAUNCHIMAGE_NAME = LaunchImage;
				CODE_SIGN_IDENTITY = "iPhone Developer";
				INFOPLIST_FILE = CashClock2/Info.plist;
				LD_RUNPATH_SEARCH_PATHS = "$(inherited) @executable_path/Frameworks";
				PRODUCT_BUNDLE_IDENTIFIER = de.cashclock.CashClock;
				PRODUCT_NAME = CashClock;
				SWIFT_VERSION = 3.0;
			};
			name = Release;
		};
		A76775111ABB71CB00A75265 /* Debug */ = {
			isa = XCBuildConfiguration;
			buildSettings = {
				BUNDLE_LOADER = "$(TEST_HOST)";
				FRAMEWORK_SEARCH_PATHS = (
					"$(SDKROOT)/Developer/Library/Frameworks",
					"$(inherited)",
				);
				GCC_PREPROCESSOR_DEFINITIONS = (
					"DEBUG=1",
					"$(inherited)",
				);
				INFOPLIST_FILE = CashClock2Tests/Info.plist;
				LD_RUNPATH_SEARCH_PATHS = "$(inherited) @executable_path/Frameworks @loader_path/Frameworks";
				PRODUCT_BUNDLE_IDENTIFIER = "de.cashclock.$(PRODUCT_NAME:rfc1034identifier)";
				PRODUCT_NAME = CashClock;
				SWIFT_VERSION = 3.0;
				TEST_HOST = "$(BUILT_PRODUCTS_DIR)/CashClock.app/CashClock";
			};
			name = Debug;
		};
		A76775121ABB71CB00A75265 /* Release */ = {
			isa = XCBuildConfiguration;
			buildSettings = {
				BUNDLE_LOADER = "$(TEST_HOST)";
				FRAMEWORK_SEARCH_PATHS = (
					"$(SDKROOT)/Developer/Library/Frameworks",
					"$(inherited)",
				);
				INFOPLIST_FILE = CashClock2Tests/Info.plist;
				LD_RUNPATH_SEARCH_PATHS = "$(inherited) @executable_path/Frameworks @loader_path/Frameworks";
				PRODUCT_BUNDLE_IDENTIFIER = "de.cashclock.$(PRODUCT_NAME:rfc1034identifier)";
				PRODUCT_NAME = CashClock;
				SWIFT_VERSION = 3.0;
				TEST_HOST = "$(BUILT_PRODUCTS_DIR)/CashClock.app/CashClock";
			};
			name = Release;
		};
/* End XCBuildConfiguration section */

/* Begin XCConfigurationList section */
		A70F3F571DAAE301005E5ABA /* Build configuration list for PBXNativeTarget "CashClock2 WatchKit Extension" */ = {
			isa = XCConfigurationList;
			buildConfigurations = (
				A70F3F581DAAE301005E5ABA /* Debug */,
				A70F3F591DAAE301005E5ABA /* Release */,
			);
			defaultConfigurationIsVisible = 0;
			defaultConfigurationName = Release;
		};
		A70F3F5B1DAAE301005E5ABA /* Build configuration list for PBXNativeTarget "CashClock2 WatchKit" */ = {
			isa = XCConfigurationList;
			buildConfigurations = (
				A70F3F5C1DAAE301005E5ABA /* Debug */,
				A70F3F5D1DAAE301005E5ABA /* Release */,
			);
			defaultConfigurationIsVisible = 0;
			defaultConfigurationName = Release;
		};
		A76774E91ABB71CA00A75265 /* Build configuration list for PBXProject "CashClock" */ = {
			isa = XCConfigurationList;
			buildConfigurations = (
				A767750B1ABB71CB00A75265 /* Debug */,
				A767750C1ABB71CB00A75265 /* Release */,
			);
			defaultConfigurationIsVisible = 0;
			defaultConfigurationName = Release;
		};
		A767750D1ABB71CB00A75265 /* Build configuration list for PBXNativeTarget "CashClock" */ = {
			isa = XCConfigurationList;
			buildConfigurations = (
				A767750E1ABB71CB00A75265 /* Debug */,
				A767750F1ABB71CB00A75265 /* Release */,
			);
			defaultConfigurationIsVisible = 0;
			defaultConfigurationName = Release;
		};
		A76775101ABB71CB00A75265 /* Build configuration list for PBXNativeTarget "CashClockTests" */ = {
			isa = XCConfigurationList;
			buildConfigurations = (
				A76775111ABB71CB00A75265 /* Debug */,
				A76775121ABB71CB00A75265 /* Release */,
			);
			defaultConfigurationIsVisible = 0;
			defaultConfigurationName = Release;
		};
/* End XCConfigurationList section */
	};
	rootObject = A76774E61ABB71CA00A75265 /* Project object */;
}
