// !$*UTF8*$!
{
	archiveVersion = 1;
	classes = {
	};
	objectVersion = 46;
	objects = {

/* Begin PBXBuildFile section */
		A71F23141ACF23550019C6F7 /* ClockCalculatorTests.swift in Sources */ = {isa = PBXBuildFile; fileRef = A71F23131ACF23550019C6F7 /* ClockCalculatorTests.swift */; };
		A71F23151ACF25DC0019C6F7 /* ClockCalculator.swift in Sources */ = {isa = PBXBuildFile; fileRef = A7FDC3031ACAFE9D00F33C19 /* ClockCalculator.swift */; };
		A7595ABB1AF95FD7000E53D3 /* InterfaceController.swift in Sources */ = {isa = PBXBuildFile; fileRef = A7595ABA1AF95FD7000E53D3 /* InterfaceController.swift */; };
		A7595ABD1AF95FD7000E53D3 /* Images.xcassets in Resources */ = {isa = PBXBuildFile; fileRef = A7595ABC1AF95FD7000E53D3 /* Images.xcassets */; };
		A7595AC11AF95FD7000E53D3 /* CashClock2 WatchKit App.app in Resources */ = {isa = PBXBuildFile; fileRef = A7595AC01AF95FD7000E53D3 /* CashClock2 WatchKit App.app */; };
		A7595AC91AF95FD7000E53D3 /* Interface.storyboard in Resources */ = {isa = PBXBuildFile; fileRef = A7595AC71AF95FD7000E53D3 /* Interface.storyboard */; };
		A7595ACB1AF95FD7000E53D3 /* Images.xcassets in Resources */ = {isa = PBXBuildFile; fileRef = A7595ACA1AF95FD7000E53D3 /* Images.xcassets */; };
		A7595ACE1AF95FD7000E53D3 /* CashClock2 WatchKit Extension.appex in Embed App Extensions */ = {isa = PBXBuildFile; fileRef = A7595AB61AF95FD7000E53D3 /* CashClock2 WatchKit Extension.appex */; settings = {ATTRIBUTES = (RemoveHeadersOnCopy, ); }; };
		A76774F41ABB71CA00A75265 /* AppDelegate.swift in Sources */ = {isa = PBXBuildFile; fileRef = A76774F31ABB71CA00A75265 /* AppDelegate.swift */; };
		A76774F91ABB71CA00A75265 /* Main.storyboard in Resources */ = {isa = PBXBuildFile; fileRef = A76774F71ABB71CA00A75265 /* Main.storyboard */; };
		A76774FB1ABB71CA00A75265 /* Images.xcassets in Resources */ = {isa = PBXBuildFile; fileRef = A76774FA1ABB71CA00A75265 /* Images.xcassets */; };
		A76774FE1ABB71CA00A75265 /* LaunchScreen.xib in Resources */ = {isa = PBXBuildFile; fileRef = A76774FC1ABB71CA00A75265 /* LaunchScreen.xib */; };
		A78AE3131AC451FE00D4CE06 /* ClockViewController.swift in Sources */ = {isa = PBXBuildFile; fileRef = A78AE3121AC451FE00D4CE06 /* ClockViewController.swift */; };
		A7A030F71AEECDEE002555AB /* iAd.framework in Frameworks */ = {isa = PBXBuildFile; fileRef = A7A030F61AEECDEE002555AB /* iAd.framework */; };
		A7FDC3041ACAFE9D00F33C19 /* ClockCalculator.swift in Sources */ = {isa = PBXBuildFile; fileRef = A7FDC3031ACAFE9D00F33C19 /* ClockCalculator.swift */; };
/* End PBXBuildFile section */

/* Begin PBXContainerItemProxy section */
		A7595AC21AF95FD7000E53D3 /* PBXContainerItemProxy */ = {
			isa = PBXContainerItemProxy;
			containerPortal = A76774E61ABB71CA00A75265 /* Project object */;
			proxyType = 1;
			remoteGlobalIDString = A7595ABF1AF95FD7000E53D3;
			remoteInfo = "CashClock2 WatchKit App";
		};
		A7595ACC1AF95FD7000E53D3 /* PBXContainerItemProxy */ = {
			isa = PBXContainerItemProxy;
			containerPortal = A76774E61ABB71CA00A75265 /* Project object */;
			proxyType = 1;
			remoteGlobalIDString = A7595AB51AF95FD7000E53D3;
			remoteInfo = "CashClock2 WatchKit Extension";
		};
		A76775041ABB71CB00A75265 /* PBXContainerItemProxy */ = {
			isa = PBXContainerItemProxy;
			containerPortal = A76774E61ABB71CA00A75265 /* Project object */;
			proxyType = 1;
			remoteGlobalIDString = A76774ED1ABB71CA00A75265;
			remoteInfo = CashClock2;
		};
/* End PBXContainerItemProxy section */

/* Begin PBXCopyFilesBuildPhase section */
		A7595AD51AF95FD7000E53D3 /* Embed App Extensions */ = {
			isa = PBXCopyFilesBuildPhase;
			buildActionMask = 2147483647;
			dstPath = "";
			dstSubfolderSpec = 13;
			files = (
				A7595ACE1AF95FD7000E53D3 /* CashClock2 WatchKit Extension.appex in Embed App Extensions */,
			);
			name = "Embed App Extensions";
			runOnlyForDeploymentPostprocessing = 0;
		};
/* End PBXCopyFilesBuildPhase section */

/* Begin PBXFileReference section */
		A71F23131ACF23550019C6F7 /* ClockCalculatorTests.swift */ = {isa = PBXFileReference; fileEncoding = 4; lastKnownFileType = sourcecode.swift; path = ClockCalculatorTests.swift; sourceTree = "<group>"; };
		A7595AB61AF95FD7000E53D3 /* CashClock2 WatchKit Extension.appex */ = {isa = PBXFileReference; explicitFileType = "wrapper.app-extension"; includeInIndex = 0; path = "CashClock2 WatchKit Extension.appex"; sourceTree = BUILT_PRODUCTS_DIR; };
		A7595AB91AF95FD7000E53D3 /* Info.plist */ = {isa = PBXFileReference; lastKnownFileType = text.plist.xml; path = Info.plist; sourceTree = "<group>"; };
		A7595ABA1AF95FD7000E53D3 /* InterfaceController.swift */ = {isa = PBXFileReference; lastKnownFileType = sourcecode.swift; path = InterfaceController.swift; sourceTree = "<group>"; };
		A7595ABC1AF95FD7000E53D3 /* Images.xcassets */ = {isa = PBXFileReference; lastKnownFileType = folder.assetcatalog; path = Images.xcassets; sourceTree = "<group>"; };
		A7595AC01AF95FD7000E53D3 /* CashClock2 WatchKit App.app */ = {isa = PBXFileReference; explicitFileType = wrapper.application; includeInIndex = 0; path = "CashClock2 WatchKit App.app"; sourceTree = BUILT_PRODUCTS_DIR; };
		A7595AC61AF95FD7000E53D3 /* Info.plist */ = {isa = PBXFileReference; lastKnownFileType = text.plist.xml; path = Info.plist; sourceTree = "<group>"; };
		A7595AC81AF95FD7000E53D3 /* Base */ = {isa = PBXFileReference; lastKnownFileType = file.storyboard; name = Base; path = Base.lproj/Interface.storyboard; sourceTree = "<group>"; };
		A7595ACA1AF95FD7000E53D3 /* Images.xcassets */ = {isa = PBXFileReference; lastKnownFileType = folder.assetcatalog; path = Images.xcassets; sourceTree = "<group>"; };
		A76774EE1ABB71CA00A75265 /* CashClock2.app */ = {isa = PBXFileReference; explicitFileType = wrapper.application; includeInIndex = 0; path = CashClock2.app; sourceTree = BUILT_PRODUCTS_DIR; };
		A76774F21ABB71CA00A75265 /* Info.plist */ = {isa = PBXFileReference; lastKnownFileType = text.plist.xml; path = Info.plist; sourceTree = "<group>"; };
		A76774F31ABB71CA00A75265 /* AppDelegate.swift */ = {isa = PBXFileReference; lastKnownFileType = sourcecode.swift; path = AppDelegate.swift; sourceTree = "<group>"; };
		A76774F81ABB71CA00A75265 /* Base */ = {isa = PBXFileReference; lastKnownFileType = file.storyboard; name = Base; path = Base.lproj/Main.storyboard; sourceTree = "<group>"; };
		A76774FA1ABB71CA00A75265 /* Images.xcassets */ = {isa = PBXFileReference; lastKnownFileType = folder.assetcatalog; path = Images.xcassets; sourceTree = "<group>"; };
		A76774FD1ABB71CA00A75265 /* Base */ = {isa = PBXFileReference; lastKnownFileType = file.xib; name = Base; path = Base.lproj/LaunchScreen.xib; sourceTree = "<group>"; };
		A76775031ABB71CB00A75265 /* CashClock2Tests.xctest */ = {isa = PBXFileReference; explicitFileType = wrapper.cfbundle; includeInIndex = 0; path = CashClock2Tests.xctest; sourceTree = BUILT_PRODUCTS_DIR; };
		A76775081ABB71CB00A75265 /* Info.plist */ = {isa = PBXFileReference; lastKnownFileType = text.plist.xml; path = Info.plist; sourceTree = "<group>"; };
		A78AE3121AC451FE00D4CE06 /* ClockViewController.swift */ = {isa = PBXFileReference; fileEncoding = 4; lastKnownFileType = sourcecode.swift; path = ClockViewController.swift; sourceTree = "<group>"; };
		A7A030F61AEECDEE002555AB /* iAd.framework */ = {isa = PBXFileReference; lastKnownFileType = wrapper.framework; name = iAd.framework; path = System/Library/Frameworks/iAd.framework; sourceTree = SDKROOT; };
		A7FDC3031ACAFE9D00F33C19 /* ClockCalculator.swift */ = {isa = PBXFileReference; fileEncoding = 4; lastKnownFileType = sourcecode.swift; path = ClockCalculator.swift; sourceTree = "<group>"; };
/* End PBXFileReference section */

/* Begin PBXFrameworksBuildPhase section */
		A7595AB31AF95FD7000E53D3 /* Frameworks */ = {
			isa = PBXFrameworksBuildPhase;
			buildActionMask = 2147483647;
			files = (
			);
			runOnlyForDeploymentPostprocessing = 0;
		};
		A76774EB1ABB71CA00A75265 /* Frameworks */ = {
			isa = PBXFrameworksBuildPhase;
			buildActionMask = 2147483647;
			files = (
				A7A030F71AEECDEE002555AB /* iAd.framework in Frameworks */,
			);
			runOnlyForDeploymentPostprocessing = 0;
		};
		A76775001ABB71CB00A75265 /* Frameworks */ = {
			isa = PBXFrameworksBuildPhase;
			buildActionMask = 2147483647;
			files = (
			);
			runOnlyForDeploymentPostprocessing = 0;
		};
/* End PBXFrameworksBuildPhase section */

/* Begin PBXGroup section */
		A7595AB71AF95FD7000E53D3 /* CashClock2 WatchKit Extension */ = {
			isa = PBXGroup;
			children = (
				A7595ABA1AF95FD7000E53D3 /* InterfaceController.swift */,
				A7595ABC1AF95FD7000E53D3 /* Images.xcassets */,
				A7595AB81AF95FD7000E53D3 /* Supporting Files */,
			);
			path = "CashClock2 WatchKit Extension";
			sourceTree = "<group>";
		};
		A7595AB81AF95FD7000E53D3 /* Supporting Files */ = {
			isa = PBXGroup;
			children = (
				A7595AB91AF95FD7000E53D3 /* Info.plist */,
			);
			name = "Supporting Files";
			sourceTree = "<group>";
		};
		A7595AC41AF95FD7000E53D3 /* CashClock2 WatchKit App */ = {
			isa = PBXGroup;
			children = (
				A7595AC71AF95FD7000E53D3 /* Interface.storyboard */,
				A7595ACA1AF95FD7000E53D3 /* Images.xcassets */,
				A7595AC51AF95FD7000E53D3 /* Supporting Files */,
			);
			path = "CashClock2 WatchKit App";
			sourceTree = "<group>";
		};
		A7595AC51AF95FD7000E53D3 /* Supporting Files */ = {
			isa = PBXGroup;
			children = (
				A7595AC61AF95FD7000E53D3 /* Info.plist */,
			);
			name = "Supporting Files";
			sourceTree = "<group>";
		};
		A76774E51ABB71CA00A75265 = {
			isa = PBXGroup;
			children = (
				A7A030F61AEECDEE002555AB /* iAd.framework */,
				A76774F01ABB71CA00A75265 /* CashClock2 */,
				A76775061ABB71CB00A75265 /* CashClock2Tests */,
				A7595AB71AF95FD7000E53D3 /* CashClock2 WatchKit Extension */,
				A7595AC41AF95FD7000E53D3 /* CashClock2 WatchKit App */,
				A76774EF1ABB71CA00A75265 /* Products */,
			);
			sourceTree = "<group>";
		};
		A76774EF1ABB71CA00A75265 /* Products */ = {
			isa = PBXGroup;
			children = (
				A76774EE1ABB71CA00A75265 /* CashClock2.app */,
				A76775031ABB71CB00A75265 /* CashClock2Tests.xctest */,
				A7595AB61AF95FD7000E53D3 /* CashClock2 WatchKit Extension.appex */,
				A7595AC01AF95FD7000E53D3 /* CashClock2 WatchKit App.app */,
			);
			name = Products;
			sourceTree = "<group>";
		};
		A76774F01ABB71CA00A75265 /* CashClock2 */ = {
			isa = PBXGroup;
			children = (
				A7FDC3031ACAFE9D00F33C19 /* ClockCalculator.swift */,
				A76774F31ABB71CA00A75265 /* AppDelegate.swift */,
				A76774F71ABB71CA00A75265 /* Main.storyboard */,
				A76774FA1ABB71CA00A75265 /* Images.xcassets */,
				A76774FC1ABB71CA00A75265 /* LaunchScreen.xib */,
				A76774F11ABB71CA00A75265 /* Supporting Files */,
				A78AE3121AC451FE00D4CE06 /* ClockViewController.swift */,
			);
			path = CashClock2;
			sourceTree = "<group>";
		};
		A76774F11ABB71CA00A75265 /* Supporting Files */ = {
			isa = PBXGroup;
			children = (
				A76774F21ABB71CA00A75265 /* Info.plist */,
			);
			name = "Supporting Files";
			sourceTree = "<group>";
		};
		A76775061ABB71CB00A75265 /* CashClock2Tests */ = {
			isa = PBXGroup;
			children = (
				A71F23131ACF23550019C6F7 /* ClockCalculatorTests.swift */,
				A76775071ABB71CB00A75265 /* Supporting Files */,
			);
			path = CashClock2Tests;
			sourceTree = "<group>";
		};
		A76775071ABB71CB00A75265 /* Supporting Files */ = {
			isa = PBXGroup;
			children = (
				A76775081ABB71CB00A75265 /* Info.plist */,
			);
			name = "Supporting Files";
			sourceTree = "<group>";
		};
/* End PBXGroup section */

/* Begin PBXNativeTarget section */
		A7595AB51AF95FD7000E53D3 /* CashClock2 WatchKit Extension */ = {
			isa = PBXNativeTarget;
			buildConfigurationList = A7595AD41AF95FD7000E53D3 /* Build configuration list for PBXNativeTarget "CashClock2 WatchKit Extension" */;
			buildPhases = (
				A7595AB21AF95FD7000E53D3 /* Sources */,
				A7595AB31AF95FD7000E53D3 /* Frameworks */,
				A7595AB41AF95FD7000E53D3 /* Resources */,
			);
			buildRules = (
			);
			dependencies = (
				A7595AC31AF95FD7000E53D3 /* PBXTargetDependency */,
			);
			name = "CashClock2 WatchKit Extension";
			productName = "CashClock2 WatchKit Extension";
			productReference = A7595AB61AF95FD7000E53D3 /* CashClock2 WatchKit Extension.appex */;
			productType = "com.apple.product-type.watchkit-extension";
		};
		A7595ABF1AF95FD7000E53D3 /* CashClock2 WatchKit App */ = {
			isa = PBXNativeTarget;
			buildConfigurationList = A7595AD31AF95FD7000E53D3 /* Build configuration list for PBXNativeTarget "CashClock2 WatchKit App" */;
			buildPhases = (
				A7595ABE1AF95FD7000E53D3 /* Resources */,
			);
			buildRules = (
			);
			dependencies = (
			);
			name = "CashClock2 WatchKit App";
			productName = "CashClock2 WatchKit App";
			productReference = A7595AC01AF95FD7000E53D3 /* CashClock2 WatchKit App.app */;
			productType = "com.apple.product-type.application.watchapp";
		};
		A76774ED1ABB71CA00A75265 /* CashClock2 */ = {
			isa = PBXNativeTarget;
			buildConfigurationList = A767750D1ABB71CB00A75265 /* Build configuration list for PBXNativeTarget "CashClock2" */;
			buildPhases = (
				A76774EA1ABB71CA00A75265 /* Sources */,
				A76774EB1ABB71CA00A75265 /* Frameworks */,
				A76774EC1ABB71CA00A75265 /* Resources */,
				A7595AD51AF95FD7000E53D3 /* Embed App Extensions */,
			);
			buildRules = (
			);
			dependencies = (
				A7595ACD1AF95FD7000E53D3 /* PBXTargetDependency */,
			);
			name = CashClock2;
			productName = CashClock2;
			productReference = A76774EE1ABB71CA00A75265 /* CashClock2.app */;
			productType = "com.apple.product-type.application";
		};
		A76775021ABB71CB00A75265 /* CashClock2Tests */ = {
			isa = PBXNativeTarget;
			buildConfigurationList = A76775101ABB71CB00A75265 /* Build configuration list for PBXNativeTarget "CashClock2Tests" */;
			buildPhases = (
				A76774FF1ABB71CB00A75265 /* Sources */,
				A76775001ABB71CB00A75265 /* Frameworks */,
				A76775011ABB71CB00A75265 /* Resources */,
			);
			buildRules = (
			);
			dependencies = (
				A76775051ABB71CB00A75265 /* PBXTargetDependency */,
			);
			name = CashClock2Tests;
			productName = CashClock2Tests;
			productReference = A76775031ABB71CB00A75265 /* CashClock2Tests.xctest */;
			productType = "com.apple.product-type.bundle.unit-test";
		};
/* End PBXNativeTarget section */

/* Begin PBXProject section */
		A76774E61ABB71CA00A75265 /* Project object */ = {
			isa = PBXProject;
			attributes = {
				LastUpgradeCheck = 0620;
				ORGANIZATIONNAME = "Oliver Böhm";
				TargetAttributes = {
					A7595AB51AF95FD7000E53D3 = {
						CreatedOnToolsVersion = 6.3;
						DevelopmentTeam = Z6826QH5UD;
					};
					A7595ABF1AF95FD7000E53D3 = {
						CreatedOnToolsVersion = 6.3;
					};
					A76774ED1ABB71CA00A75265 = {
						CreatedOnToolsVersion = 6.2;
						DevelopmentTeam = Z6826QH5UD;
					};
					A76775021ABB71CB00A75265 = {
						CreatedOnToolsVersion = 6.2;
						TestTargetID = A76774ED1ABB71CA00A75265;
					};
				};
			};
			buildConfigurationList = A76774E91ABB71CA00A75265 /* Build configuration list for PBXProject "CashClock2" */;
			compatibilityVersion = "Xcode 3.2";
			developmentRegion = English;
			hasScannedForEncodings = 0;
			knownRegions = (
				en,
				Base,
			);
			mainGroup = A76774E51ABB71CA00A75265;
			productRefGroup = A76774EF1ABB71CA00A75265 /* Products */;
			projectDirPath = "";
			projectRoot = "";
			targets = (
				A76774ED1ABB71CA00A75265 /* CashClock2 */,
				A76775021ABB71CB00A75265 /* CashClock2Tests */,
				A7595AB51AF95FD7000E53D3 /* CashClock2 WatchKit Extension */,
				A7595ABF1AF95FD7000E53D3 /* CashClock2 WatchKit App */,
			);
		};
/* End PBXProject section */

/* Begin PBXResourcesBuildPhase section */
		A7595AB41AF95FD7000E53D3 /* Resources */ = {
			isa = PBXResourcesBuildPhase;
			buildActionMask = 2147483647;
			files = (
				A7595ABD1AF95FD7000E53D3 /* Images.xcassets in Resources */,
				A7595AC11AF95FD7000E53D3 /* CashClock2 WatchKit App.app in Resources */,
			);
			runOnlyForDeploymentPostprocessing = 0;
		};
		A7595ABE1AF95FD7000E53D3 /* Resources */ = {
			isa = PBXResourcesBuildPhase;
			buildActionMask = 2147483647;
			files = (
				A7595AC91AF95FD7000E53D3 /* Interface.storyboard in Resources */,
				A7595ACB1AF95FD7000E53D3 /* Images.xcassets in Resources */,
			);
			runOnlyForDeploymentPostprocessing = 0;
		};
		A76774EC1ABB71CA00A75265 /* Resources */ = {
			isa = PBXResourcesBuildPhase;
			buildActionMask = 2147483647;
			files = (
				A76774F91ABB71CA00A75265 /* Main.storyboard in Resources */,
				A76774FE1ABB71CA00A75265 /* LaunchScreen.xib in Resources */,
				A76774FB1ABB71CA00A75265 /* Images.xcassets in Resources */,
			);
			runOnlyForDeploymentPostprocessing = 0;
		};
		A76775011ABB71CB00A75265 /* Resources */ = {
			isa = PBXResourcesBuildPhase;
			buildActionMask = 2147483647;
			files = (
			);
			runOnlyForDeploymentPostprocessing = 0;
		};
/* End PBXResourcesBuildPhase section */

/* Begin PBXSourcesBuildPhase section */
		A7595AB21AF95FD7000E53D3 /* Sources */ = {
			isa = PBXSourcesBuildPhase;
			buildActionMask = 2147483647;
			files = (
				A7595ABB1AF95FD7000E53D3 /* InterfaceController.swift in Sources */,
			);
			runOnlyForDeploymentPostprocessing = 0;
		};
		A76774EA1ABB71CA00A75265 /* Sources */ = {
			isa = PBXSourcesBuildPhase;
			buildActionMask = 2147483647;
			files = (
				A78AE3131AC451FE00D4CE06 /* ClockViewController.swift in Sources */,
				A7FDC3041ACAFE9D00F33C19 /* ClockCalculator.swift in Sources */,
				A76774F41ABB71CA00A75265 /* AppDelegate.swift in Sources */,
			);
			runOnlyForDeploymentPostprocessing = 0;
		};
		A76774FF1ABB71CB00A75265 /* Sources */ = {
			isa = PBXSourcesBuildPhase;
			buildActionMask = 2147483647;
			files = (
				A71F23151ACF25DC0019C6F7 /* ClockCalculator.swift in Sources */,
				A71F23141ACF23550019C6F7 /* ClockCalculatorTests.swift in Sources */,
			);
			runOnlyForDeploymentPostprocessing = 0;
		};
/* End PBXSourcesBuildPhase section */

/* Begin PBXTargetDependency section */
		A7595AC31AF95FD7000E53D3 /* PBXTargetDependency */ = {
			isa = PBXTargetDependency;
			target = A7595ABF1AF95FD7000E53D3 /* CashClock2 WatchKit App */;
			targetProxy = A7595AC21AF95FD7000E53D3 /* PBXContainerItemProxy */;
		};
		A7595ACD1AF95FD7000E53D3 /* PBXTargetDependency */ = {
			isa = PBXTargetDependency;
			target = A7595AB51AF95FD7000E53D3 /* CashClock2 WatchKit Extension */;
			targetProxy = A7595ACC1AF95FD7000E53D3 /* PBXContainerItemProxy */;
		};
		A76775051ABB71CB00A75265 /* PBXTargetDependency */ = {
			isa = PBXTargetDependency;
			target = A76774ED1ABB71CA00A75265 /* CashClock2 */;
			targetProxy = A76775041ABB71CB00A75265 /* PBXContainerItemProxy */;
		};
/* End PBXTargetDependency section */

/* Begin PBXVariantGroup section */
		A7595AC71AF95FD7000E53D3 /* Interface.storyboard */ = {
			isa = PBXVariantGroup;
			children = (
				A7595AC81AF95FD7000E53D3 /* Base */,
			);
			name = Interface.storyboard;
			sourceTree = "<group>";
		};
		A76774F71ABB71CA00A75265 /* Main.storyboard */ = {
			isa = PBXVariantGroup;
			children = (
				A76774F81ABB71CA00A75265 /* Base */,
			);
			name = Main.storyboard;
			sourceTree = "<group>";
		};
		A76774FC1ABB71CA00A75265 /* LaunchScreen.xib */ = {
			isa = PBXVariantGroup;
			children = (
				A76774FD1ABB71CA00A75265 /* Base */,
			);
			name = LaunchScreen.xib;
			sourceTree = "<group>";
		};
/* End PBXVariantGroup section */

/* Begin XCBuildConfiguration section */
		A7595ACF1AF95FD7000E53D3 /* Debug */ = {
			isa = XCBuildConfiguration;
			buildSettings = {
				CODE_SIGN_IDENTITY = "iPhone Developer";
				DEBUG_INFORMATION_FORMAT = "dwarf-with-dsym";
				GCC_NO_COMMON_BLOCKS = YES;
				GCC_PREPROCESSOR_DEFINITIONS = (
					"DEBUG=1",
					"$(inherited)",
				);
				INFOPLIST_FILE = "CashClock2 WatchKit Extension/Info.plist";
				IPHONEOS_DEPLOYMENT_TARGET = 8.3;
				LD_RUNPATH_SEARCH_PATHS = "$(inherited) @executable_path/Frameworks @executable_path/../../Frameworks";
				PRODUCT_NAME = "${TARGET_NAME}";
				SKIP_INSTALL = YES;
			};
			name = Debug;
		};
		A7595AD01AF95FD7000E53D3 /* Release */ = {
			isa = XCBuildConfiguration;
			buildSettings = {
				CODE_SIGN_IDENTITY = "iPhone Developer";
				DEBUG_INFORMATION_FORMAT = "dwarf-with-dsym";
				GCC_NO_COMMON_BLOCKS = YES;
				INFOPLIST_FILE = "CashClock2 WatchKit Extension/Info.plist";
				IPHONEOS_DEPLOYMENT_TARGET = 8.3;
				LD_RUNPATH_SEARCH_PATHS = "$(inherited) @executable_path/Frameworks @executable_path/../../Frameworks";
				PRODUCT_NAME = "${TARGET_NAME}";
				SKIP_INSTALL = YES;
			};
			name = Release;
		};
		A7595AD11AF95FD7000E53D3 /* Debug */ = {
			isa = XCBuildConfiguration;
			buildSettings = {
				ASSETCATALOG_COMPILER_APPICON_NAME = AppIcon;
				DEBUG_INFORMATION_FORMAT = "dwarf-with-dsym";
				GCC_NO_COMMON_BLOCKS = YES;
				GCC_PREPROCESSOR_DEFINITIONS = (
					"DEBUG=1",
					"$(inherited)",
				);
				IBSC_MODULE = CashClock2_WatchKit_Extension;
				INFOPLIST_FILE = "CashClock2 WatchKit App/Info.plist";
				IPHONEOS_DEPLOYMENT_TARGET = 8.2;
				PRODUCT_NAME = "$(TARGET_NAME)";
				SKIP_INSTALL = YES;
				TARGETED_DEVICE_FAMILY = 4;
				"TARGETED_DEVICE_FAMILY[sdk=iphonesimulator*]" = "1,4";
			};
			name = Debug;
		};
		A7595AD21AF95FD7000E53D3 /* Release */ = {
			isa = XCBuildConfiguration;
			buildSettings = {
				ASSETCATALOG_COMPILER_APPICON_NAME = AppIcon;
				DEBUG_INFORMATION_FORMAT = "dwarf-with-dsym";
				GCC_NO_COMMON_BLOCKS = YES;
				IBSC_MODULE = CashClock2_WatchKit_Extension;
				INFOPLIST_FILE = "CashClock2 WatchKit App/Info.plist";
				IPHONEOS_DEPLOYMENT_TARGET = 8.2;
				PRODUCT_NAME = "$(TARGET_NAME)";
				SKIP_INSTALL = YES;
				TARGETED_DEVICE_FAMILY = 4;
				"TARGETED_DEVICE_FAMILY[sdk=iphonesimulator*]" = "1,4";
			};
			name = Release;
		};
		A767750B1ABB71CB00A75265 /* Debug */ = {
			isa = XCBuildConfiguration;
			buildSettings = {
				ALWAYS_SEARCH_USER_PATHS = NO;
				CLANG_CXX_LANGUAGE_STANDARD = "gnu++0x";
				CLANG_CXX_LIBRARY = "libc++";
				CLANG_ENABLE_MODULES = YES;
				CLANG_ENABLE_OBJC_ARC = YES;
				CLANG_WARN_BOOL_CONVERSION = YES;
				CLANG_WARN_CONSTANT_CONVERSION = YES;
				CLANG_WARN_DIRECT_OBJC_ISA_USAGE = YES_ERROR;
				CLANG_WARN_EMPTY_BODY = YES;
				CLANG_WARN_ENUM_CONVERSION = YES;
				CLANG_WARN_INT_CONVERSION = YES;
				CLANG_WARN_OBJC_ROOT_CLASS = YES_ERROR;
				CLANG_WARN_UNREACHABLE_CODE = YES;
				CLANG_WARN__DUPLICATE_METHOD_MATCH = YES;
				"CODE_SIGN_IDENTITY[sdk=iphoneos*]" = "iPhone Developer";
				COPY_PHASE_STRIP = NO;
				ENABLE_STRICT_OBJC_MSGSEND = YES;
				GCC_C_LANGUAGE_STANDARD = gnu99;
				GCC_DYNAMIC_NO_PIC = NO;
				GCC_OPTIMIZATION_LEVEL = 0;
				GCC_PREPROCESSOR_DEFINITIONS = (
					"DEBUG=1",
					"$(inherited)",
				);
				GCC_SYMBOLS_PRIVATE_EXTERN = NO;
				GCC_WARN_64_TO_32_BIT_CONVERSION = YES;
				GCC_WARN_ABOUT_RETURN_TYPE = YES_ERROR;
				GCC_WARN_UNDECLARED_SELECTOR = YES;
				GCC_WARN_UNINITIALIZED_AUTOS = YES_AGGRESSIVE;
				GCC_WARN_UNUSED_FUNCTION = YES;
				GCC_WARN_UNUSED_VARIABLE = YES;
				IPHONEOS_DEPLOYMENT_TARGET = 8.2;
				MTL_ENABLE_DEBUG_INFO = YES;
				ONLY_ACTIVE_ARCH = YES;
				SDKROOT = iphoneos;
				SWIFT_OPTIMIZATION_LEVEL = "-Onone";
				TARGETED_DEVICE_FAMILY = "1,2";
			};
			name = Debug;
		};
		A767750C1ABB71CB00A75265 /* Release */ = {
			isa = XCBuildConfiguration;
			buildSettings = {
				ALWAYS_SEARCH_USER_PATHS = NO;
				CLANG_CXX_LANGUAGE_STANDARD = "gnu++0x";
				CLANG_CXX_LIBRARY = "libc++";
				CLANG_ENABLE_MODULES = YES;
				CLANG_ENABLE_OBJC_ARC = YES;
				CLANG_WARN_BOOL_CONVERSION = YES;
				CLANG_WARN_CONSTANT_CONVERSION = YES;
				CLANG_WARN_DIRECT_OBJC_ISA_USAGE = YES_ERROR;
				CLANG_WARN_EMPTY_BODY = YES;
				CLANG_WARN_ENUM_CONVERSION = YES;
				CLANG_WARN_INT_CONVERSION = YES;
				CLANG_WARN_OBJC_ROOT_CLASS = YES_ERROR;
				CLANG_WARN_UNREACHABLE_CODE = YES;
				CLANG_WARN__DUPLICATE_METHOD_MATCH = YES;
				"CODE_SIGN_IDENTITY[sdk=iphoneos*]" = "iPhone Developer";
				COPY_PHASE_STRIP = NO;
				ENABLE_NS_ASSERTIONS = NO;
				ENABLE_STRICT_OBJC_MSGSEND = YES;
				GCC_C_LANGUAGE_STANDARD = gnu99;
				GCC_WARN_64_TO_32_BIT_CONVERSION = YES;
				GCC_WARN_ABOUT_RETURN_TYPE = YES_ERROR;
				GCC_WARN_UNDECLARED_SELECTOR = YES;
				GCC_WARN_UNINITIALIZED_AUTOS = YES_AGGRESSIVE;
				GCC_WARN_UNUSED_FUNCTION = YES;
				GCC_WARN_UNUSED_VARIABLE = YES;
				IPHONEOS_DEPLOYMENT_TARGET = 8.2;
				MTL_ENABLE_DEBUG_INFO = NO;
				SDKROOT = iphoneos;
				TARGETED_DEVICE_FAMILY = "1,2";
				VALIDATE_PRODUCT = YES;
			};
			name = Release;
		};
		A767750E1ABB71CB00A75265 /* Debug */ = {
			isa = XCBuildConfiguration;
			buildSettings = {
				ASSETCATALOG_COMPILER_APPICON_NAME = AppIcon;
				ASSETCATALOG_COMPILER_LAUNCHIMAGE_NAME = LaunchImage;
				CODE_SIGN_IDENTITY = "iPhone Developer";
				INFOPLIST_FILE = CashClock2/Info.plist;
				LD_RUNPATH_SEARCH_PATHS = "$(inherited) @executable_path/Frameworks";
				PRODUCT_NAME = "$(TARGET_NAME)";
			};
			name = Debug;
		};
		A767750F1ABB71CB00A75265 /* Release */ = {
			isa = XCBuildConfiguration;
			buildSettings = {
				ASSETCATALOG_COMPILER_APPICON_NAME = AppIcon;
				ASSETCATALOG_COMPILER_LAUNCHIMAGE_NAME = LaunchImage;
				CODE_SIGN_IDENTITY = "iPhone Developer";
				INFOPLIST_FILE = CashClock2/Info.plist;
				LD_RUNPATH_SEARCH_PATHS = "$(inherited) @executable_path/Frameworks";
				PRODUCT_NAME = "$(TARGET_NAME)";
			};
			name = Release;
		};
		A76775111ABB71CB00A75265 /* Debug */ = {
			isa = XCBuildConfiguration;
			buildSettings = {
				BUNDLE_LOADER = "$(TEST_HOST)";
				FRAMEWORK_SEARCH_PATHS = (
					"$(SDKROOT)/Developer/Library/Frameworks",
					"$(inherited)",
				);
				GCC_PREPROCESSOR_DEFINITIONS = (
					"DEBUG=1",
					"$(inherited)",
				);
				INFOPLIST_FILE = CashClock2Tests/Info.plist;
				LD_RUNPATH_SEARCH_PATHS = "$(inherited) @executable_path/Frameworks @loader_path/Frameworks";
				PRODUCT_NAME = "$(TARGET_NAME)";
				TEST_HOST = "$(BUILT_PRODUCTS_DIR)/CashClock2.app/CashClock2";
			};
			name = Debug;
		};
		A76775121ABB71CB00A75265 /* Release */ = {
			isa = XCBuildConfiguration;
			buildSettings = {
				BUNDLE_LOADER = "$(TEST_HOST)";
				FRAMEWORK_SEARCH_PATHS = (
					"$(SDKROOT)/Developer/Library/Frameworks",
					"$(inherited)",
				);
				INFOPLIST_FILE = CashClock2Tests/Info.plist;
				LD_RUNPATH_SEARCH_PATHS = "$(inherited) @executable_path/Frameworks @loader_path/Frameworks";
				PRODUCT_NAME = "$(TARGET_NAME)";
				TEST_HOST = "$(BUILT_PRODUCTS_DIR)/CashClock2.app/CashClock2";
			};
			name = Release;
		};
/* End XCBuildConfiguration section */

/* Begin XCConfigurationList section */
		A7595AD31AF95FD7000E53D3 /* Build configuration list for PBXNativeTarget "CashClock2 WatchKit App" */ = {
			isa = XCConfigurationList;
			buildConfigurations = (
				A7595AD11AF95FD7000E53D3 /* Debug */,
				A7595AD21AF95FD7000E53D3 /* Release */,
			);
			defaultConfigurationIsVisible = 0;
		};
		A7595AD41AF95FD7000E53D3 /* Build configuration list for PBXNativeTarget "CashClock2 WatchKit Extension" */ = {
			isa = XCConfigurationList;
			buildConfigurations = (
				A7595ACF1AF95FD7000E53D3 /* Debug */,
				A7595AD01AF95FD7000E53D3 /* Release */,
			);
			defaultConfigurationIsVisible = 0;
		};
		A76774E91ABB71CA00A75265 /* Build configuration list for PBXProject "CashClock2" */ = {
			isa = XCConfigurationList;
			buildConfigurations = (
				A767750B1ABB71CB00A75265 /* Debug */,
				A767750C1ABB71CB00A75265 /* Release */,
			);
			defaultConfigurationIsVisible = 0;
			defaultConfigurationName = Release;
		};
		A767750D1ABB71CB00A75265 /* Build configuration list for PBXNativeTarget "CashClock2" */ = {
			isa = XCConfigurationList;
			buildConfigurations = (
				A767750E1ABB71CB00A75265 /* Debug */,
				A767750F1ABB71CB00A75265 /* Release */,
			);
			defaultConfigurationIsVisible = 0;
			defaultConfigurationName = Release;
		};
		A76775101ABB71CB00A75265 /* Build configuration list for PBXNativeTarget "CashClock2Tests" */ = {
			isa = XCConfigurationList;
			buildConfigurations = (
				A76775111ABB71CB00A75265 /* Debug */,
				A76775121ABB71CB00A75265 /* Release */,
			);
			defaultConfigurationIsVisible = 0;
			defaultConfigurationName = Release;
		};
/* End XCConfigurationList section */
	};
	rootObject = A76774E61ABB71CA00A75265 /* Project object */;
}
